// !$*UTF8*$!
{
	archiveVersion = 1;
	classes = {
	};
	objectVersion = 50;
	objects = {

/* Begin PBXBuildFile section */
		14F126752553C1B800EDAD76 /* AppDelegate.swift in Sources */ = {isa = PBXBuildFile; fileRef = 14F126742553C1B800EDAD76 /* AppDelegate.swift */; };
		14F126772553C1B800EDAD76 /* SceneDelegate.swift in Sources */ = {isa = PBXBuildFile; fileRef = 14F126762553C1B800EDAD76 /* SceneDelegate.swift */; };
		14F126792553C1B800EDAD76 /* ViewController.swift in Sources */ = {isa = PBXBuildFile; fileRef = 14F126782553C1B800EDAD76 /* ViewController.swift */; };
		14F1267C2553C1B800EDAD76 /* Main.storyboard in Resources */ = {isa = PBXBuildFile; fileRef = 14F1267A2553C1B800EDAD76 /* Main.storyboard */; };
		14F1267E2553C1BA00EDAD76 /* Assets.xcassets in Resources */ = {isa = PBXBuildFile; fileRef = 14F1267D2553C1BA00EDAD76 /* Assets.xcassets */; };
		14F126812553C1BA00EDAD76 /* LaunchScreen.storyboard in Resources */ = {isa = PBXBuildFile; fileRef = 14F1267F2553C1BA00EDAD76 /* LaunchScreen.storyboard */; };
		14F1268C2553C1BA00EDAD76 /* tipTests.swift in Sources */ = {isa = PBXBuildFile; fileRef = 14F1268B2553C1BA00EDAD76 /* tipTests.swift */; };
		14F126972553C1BA00EDAD76 /* tipUITests.swift in Sources */ = {isa = PBXBuildFile; fileRef = 14F126962553C1BA00EDAD76 /* tipUITests.swift */; };
/* End PBXBuildFile section */

/* Begin PBXContainerItemProxy section */
		14F126882553C1BA00EDAD76 /* PBXContainerItemProxy */ = {
			isa = PBXContainerItemProxy;
			containerPortal = 14F126692553C1B800EDAD76 /* Project object */;
			proxyType = 1;
			remoteGlobalIDString = 14F126702553C1B800EDAD76;
			remoteInfo = tip;
		};
		14F126932553C1BA00EDAD76 /* PBXContainerItemProxy */ = {
			isa = PBXContainerItemProxy;
			containerPortal = 14F126692553C1B800EDAD76 /* Project object */;
			proxyType = 1;
			remoteGlobalIDString = 14F126702553C1B800EDAD76;
			remoteInfo = tip;
		};
/* End PBXContainerItemProxy section */

/* Begin PBXFileReference section */
		14F126712553C1B800EDAD76 /* tip.app */ = {isa = PBXFileReference; explicitFileType = wrapper.application; includeInIndex = 0; path = tip.app; sourceTree = BUILT_PRODUCTS_DIR; };
		14F126742553C1B800EDAD76 /* AppDelegate.swift */ = {isa = PBXFileReference; lastKnownFileType = sourcecode.swift; path = AppDelegate.swift; sourceTree = "<group>"; };
		14F126762553C1B800EDAD76 /* SceneDelegate.swift */ = {isa = PBXFileReference; lastKnownFileType = sourcecode.swift; path = SceneDelegate.swift; sourceTree = "<group>"; };
		14F126782553C1B800EDAD76 /* ViewController.swift */ = {isa = PBXFileReference; lastKnownFileType = sourcecode.swift; path = ViewController.swift; sourceTree = "<group>"; };
		14F1267B2553C1B800EDAD76 /* Base */ = {isa = PBXFileReference; lastKnownFileType = file.storyboard; name = Base; path = Base.lproj/Main.storyboard; sourceTree = "<group>"; };
		14F1267D2553C1BA00EDAD76 /* Assets.xcassets */ = {isa = PBXFileReference; lastKnownFileType = folder.assetcatalog; path = Assets.xcassets; sourceTree = "<group>"; };
		14F126802553C1BA00EDAD76 /* Base */ = {isa = PBXFileReference; lastKnownFileType = file.storyboard; name = Base; path = Base.lproj/LaunchScreen.storyboard; sourceTree = "<group>"; };
		14F126822553C1BA00EDAD76 /* Info.plist */ = {isa = PBXFileReference; lastKnownFileType = text.plist.xml; path = Info.plist; sourceTree = "<group>"; };
		14F126872553C1BA00EDAD76 /* tipTests.xctest */ = {isa = PBXFileReference; explicitFileType = wrapper.cfbundle; includeInIndex = 0; path = tipTests.xctest; sourceTree = BUILT_PRODUCTS_DIR; };
		14F1268B2553C1BA00EDAD76 /* tipTests.swift */ = {isa = PBXFileReference; lastKnownFileType = sourcecode.swift; path = tipTests.swift; sourceTree = "<group>"; };
		14F1268D2553C1BA00EDAD76 /* Info.plist */ = {isa = PBXFileReference; lastKnownFileType = text.plist.xml; path = Info.plist; sourceTree = "<group>"; };
		14F126922553C1BA00EDAD76 /* tipUITests.xctest */ = {isa = PBXFileReference; explicitFileType = wrapper.cfbundle; includeInIndex = 0; path = tipUITests.xctest; sourceTree = BUILT_PRODUCTS_DIR; };
		14F126962553C1BA00EDAD76 /* tipUITests.swift */ = {isa = PBXFileReference; lastKnownFileType = sourcecode.swift; path = tipUITests.swift; sourceTree = "<group>"; };
		14F126982553C1BA00EDAD76 /* Info.plist */ = {isa = PBXFileReference; lastKnownFileType = text.plist.xml; path = Info.plist; sourceTree = "<group>"; };
/* End PBXFileReference section */

/* Begin PBXFrameworksBuildPhase section */
		14F1266E2553C1B800EDAD76 /* Frameworks */ = {
			isa = PBXFrameworksBuildPhase;
			buildActionMask = 2147483647;
			files = (
			);
			runOnlyForDeploymentPostprocessing = 0;
		};
		14F126842553C1BA00EDAD76 /* Frameworks */ = {
			isa = PBXFrameworksBuildPhase;
			buildActionMask = 2147483647;
			files = (
			);
			runOnlyForDeploymentPostprocessing = 0;
		};
		14F1268F2553C1BA00EDAD76 /* Frameworks */ = {
			isa = PBXFrameworksBuildPhase;
			buildActionMask = 2147483647;
			files = (
			);
			runOnlyForDeploymentPostprocessing = 0;
		};
/* End PBXFrameworksBuildPhase section */

/* Begin PBXGroup section */
		14F126682553C1B800EDAD76 = {
			isa = PBXGroup;
			children = (
				14F126732553C1B800EDAD76 /* tip */,
				14F1268A2553C1BA00EDAD76 /* tipTests */,
				14F126952553C1BA00EDAD76 /* tipUITests */,
				14F126722553C1B800EDAD76 /* Products */,
			);
			sourceTree = "<group>";
		};
		14F126722553C1B800EDAD76 /* Products */ = {
			isa = PBXGroup;
			children = (
				14F126712553C1B800EDAD76 /* tip.app */,
				14F126872553C1BA00EDAD76 /* tipTests.xctest */,
				14F126922553C1BA00EDAD76 /* tipUITests.xctest */,
			);
			name = Products;
			sourceTree = "<group>";
		};
		14F126732553C1B800EDAD76 /* tip */ = {
			isa = PBXGroup;
			children = (
				14F126742553C1B800EDAD76 /* AppDelegate.swift */,
				14F126762553C1B800EDAD76 /* SceneDelegate.swift */,
				14F126782553C1B800EDAD76 /* ViewController.swift */,
				14F1267A2553C1B800EDAD76 /* Main.storyboard */,
				14F1267D2553C1BA00EDAD76 /* Assets.xcassets */,
				14F1267F2553C1BA00EDAD76 /* LaunchScreen.storyboard */,
				14F126822553C1BA00EDAD76 /* Info.plist */,
			);
			path = tip;
			sourceTree = "<group>";
		};
		14F1268A2553C1BA00EDAD76 /* tipTests */ = {
			isa = PBXGroup;
			children = (
				14F1268B2553C1BA00EDAD76 /* tipTests.swift */,
				14F1268D2553C1BA00EDAD76 /* Info.plist */,
			);
			path = tipTests;
			sourceTree = "<group>";
		};
		14F126952553C1BA00EDAD76 /* tipUITests */ = {
			isa = PBXGroup;
			children = (
				14F126962553C1BA00EDAD76 /* tipUITests.swift */,
				14F126982553C1BA00EDAD76 /* Info.plist */,
			);
			path = tipUITests;
			sourceTree = "<group>";
		};
/* End PBXGroup section */

/* Begin PBXNativeTarget section */
		14F126702553C1B800EDAD76 /* tip */ = {
			isa = PBXNativeTarget;
			buildConfigurationList = 14F1269B2553C1BA00EDAD76 /* Build configuration list for PBXNativeTarget "tip" */;
			buildPhases = (
				14F1266D2553C1B800EDAD76 /* Sources */,
				14F1266E2553C1B800EDAD76 /* Frameworks */,
				14F1266F2553C1B800EDAD76 /* Resources */,
			);
			buildRules = (
			);
			dependencies = (
			);
			name = tip;
			productName = tip;
			productReference = 14F126712553C1B800EDAD76 /* tip.app */;
			productType = "com.apple.product-type.application";
		};
		14F126862553C1BA00EDAD76 /* tipTests */ = {
			isa = PBXNativeTarget;
			buildConfigurationList = 14F1269E2553C1BA00EDAD76 /* Build configuration list for PBXNativeTarget "tipTests" */;
			buildPhases = (
				14F126832553C1BA00EDAD76 /* Sources */,
				14F126842553C1BA00EDAD76 /* Frameworks */,
				14F126852553C1BA00EDAD76 /* Resources */,
			);
			buildRules = (
			);
			dependencies = (
				14F126892553C1BA00EDAD76 /* PBXTargetDependency */,
			);
			name = tipTests;
			productName = tipTests;
			productReference = 14F126872553C1BA00EDAD76 /* tipTests.xctest */;
			productType = "com.apple.product-type.bundle.unit-test";
		};
		14F126912553C1BA00EDAD76 /* tipUITests */ = {
			isa = PBXNativeTarget;
			buildConfigurationList = 14F126A12553C1BA00EDAD76 /* Build configuration list for PBXNativeTarget "tipUITests" */;
			buildPhases = (
				14F1268E2553C1BA00EDAD76 /* Sources */,
				14F1268F2553C1BA00EDAD76 /* Frameworks */,
				14F126902553C1BA00EDAD76 /* Resources */,
			);
			buildRules = (
			);
			dependencies = (
				14F126942553C1BA00EDAD76 /* PBXTargetDependency */,
			);
			name = tipUITests;
			productName = tipUITests;
			productReference = 14F126922553C1BA00EDAD76 /* tipUITests.xctest */;
			productType = "com.apple.product-type.bundle.ui-testing";
		};
/* End PBXNativeTarget section */

/* Begin PBXProject section */
		14F126692553C1B800EDAD76 /* Project object */ = {
			isa = PBXProject;
			attributes = {
				LastSwiftUpdateCheck = 1210;
				LastUpgradeCheck = 1210;
				TargetAttributes = {
					14F126702553C1B800EDAD76 = {
						CreatedOnToolsVersion = 12.1;
					};
					14F126862553C1BA00EDAD76 = {
						CreatedOnToolsVersion = 12.1;
						TestTargetID = 14F126702553C1B800EDAD76;
					};
					14F126912553C1BA00EDAD76 = {
						CreatedOnToolsVersion = 12.1;
						TestTargetID = 14F126702553C1B800EDAD76;
					};
				};
			};
			buildConfigurationList = 14F1266C2553C1B800EDAD76 /* Build configuration list for PBXProject "tip" */;
			compatibilityVersion = "Xcode 9.3";
			developmentRegion = en;
			hasScannedForEncodings = 0;
			knownRegions = (
				en,
				Base,
			);
			mainGroup = 14F126682553C1B800EDAD76;
			productRefGroup = 14F126722553C1B800EDAD76 /* Products */;
			projectDirPath = "";
			projectRoot = "";
			targets = (
				14F126702553C1B800EDAD76 /* tip */,
				14F126862553C1BA00EDAD76 /* tipTests */,
				14F126912553C1BA00EDAD76 /* tipUITests */,
			);
		};
/* End PBXProject section */

/* Begin PBXResourcesBuildPhase section */
		14F1266F2553C1B800EDAD76 /* Resources */ = {
			isa = PBXResourcesBuildPhase;
			buildActionMask = 2147483647;
			files = (
				14F126812553C1BA00EDAD76 /* LaunchScreen.storyboard in Resources */,
				14F1267E2553C1BA00EDAD76 /* Assets.xcassets in Resources */,
				14F1267C2553C1B800EDAD76 /* Main.storyboard in Resources */,
			);
			runOnlyForDeploymentPostprocessing = 0;
		};
		14F126852553C1BA00EDAD76 /* Resources */ = {
			isa = PBXResourcesBuildPhase;
			buildActionMask = 2147483647;
			files = (
			);
			runOnlyForDeploymentPostprocessing = 0;
		};
		14F126902553C1BA00EDAD76 /* Resources */ = {
			isa = PBXResourcesBuildPhase;
			buildActionMask = 2147483647;
			files = (
			);
			runOnlyForDeploymentPostprocessing = 0;
		};
/* End PBXResourcesBuildPhase section */

/* Begin PBXSourcesBuildPhase section */
		14F1266D2553C1B800EDAD76 /* Sources */ = {
			isa = PBXSourcesBuildPhase;
			buildActionMask = 2147483647;
			files = (
				14F126792553C1B800EDAD76 /* ViewController.swift in Sources */,
				14F126752553C1B800EDAD76 /* AppDelegate.swift in Sources */,
				14F126772553C1B800EDAD76 /* SceneDelegate.swift in Sources */,
			);
			runOnlyForDeploymentPostprocessing = 0;
		};
		14F126832553C1BA00EDAD76 /* Sources */ = {
			isa = PBXSourcesBuildPhase;
			buildActionMask = 2147483647;
			files = (
				14F1268C2553C1BA00EDAD76 /* tipTests.swift in Sources */,
			);
			runOnlyForDeploymentPostprocessing = 0;
		};
		14F1268E2553C1BA00EDAD76 /* Sources */ = {
			isa = PBXSourcesBuildPhase;
			buildActionMask = 2147483647;
			files = (
				14F126972553C1BA00EDAD76 /* tipUITests.swift in Sources */,
			);
			runOnlyForDeploymentPostprocessing = 0;
		};
/* End PBXSourcesBuildPhase section */

/* Begin PBXTargetDependency section */
		14F126892553C1BA00EDAD76 /* PBXTargetDependency */ = {
			isa = PBXTargetDependency;
			target = 14F126702553C1B800EDAD76 /* tip */;
			targetProxy = 14F126882553C1BA00EDAD76 /* PBXContainerItemProxy */;
		};
		14F126942553C1BA00EDAD76 /* PBXTargetDependency */ = {
			isa = PBXTargetDependency;
			target = 14F126702553C1B800EDAD76 /* tip */;
			targetProxy = 14F126932553C1BA00EDAD76 /* PBXContainerItemProxy */;
		};
/* End PBXTargetDependency section */

/* Begin PBXVariantGroup section */
		14F1267A2553C1B800EDAD76 /* Main.storyboard */ = {
			isa = PBXVariantGroup;
			children = (
				14F1267B2553C1B800EDAD76 /* Base */,
			);
			name = Main.storyboard;
			sourceTree = "<group>";
		};
		14F1267F2553C1BA00EDAD76 /* LaunchScreen.storyboard */ = {
			isa = PBXVariantGroup;
			children = (
				14F126802553C1BA00EDAD76 /* Base */,
			);
			name = LaunchScreen.storyboard;
			sourceTree = "<group>";
		};
/* End PBXVariantGroup section */

/* Begin XCBuildConfiguration section */
		14F126992553C1BA00EDAD76 /* Debug */ = {
			isa = XCBuildConfiguration;
			buildSettings = {
				ALWAYS_SEARCH_USER_PATHS = NO;
				CLANG_ANALYZER_NONNULL = YES;
				CLANG_ANALYZER_NUMBER_OBJECT_CONVERSION = YES_AGGRESSIVE;
				CLANG_CXX_LANGUAGE_STANDARD = "gnu++14";
				CLANG_CXX_LIBRARY = "libc++";
				CLANG_ENABLE_MODULES = YES;
				CLANG_ENABLE_OBJC_ARC = YES;
				CLANG_ENABLE_OBJC_WEAK = YES;
				CLANG_WARN_BLOCK_CAPTURE_AUTORELEASING = YES;
				CLANG_WARN_BOOL_CONVERSION = YES;
				CLANG_WARN_COMMA = YES;
				CLANG_WARN_CONSTANT_CONVERSION = YES;
				CLANG_WARN_DEPRECATED_OBJC_IMPLEMENTATIONS = YES;
				CLANG_WARN_DIRECT_OBJC_ISA_USAGE = YES_ERROR;
				CLANG_WARN_DOCUMENTATION_COMMENTS = YES;
				CLANG_WARN_EMPTY_BODY = YES;
				CLANG_WARN_ENUM_CONVERSION = YES;
				CLANG_WARN_INFINITE_RECURSION = YES;
				CLANG_WARN_INT_CONVERSION = YES;
				CLANG_WARN_NON_LITERAL_NULL_CONVERSION = YES;
				CLANG_WARN_OBJC_IMPLICIT_RETAIN_SELF = YES;
				CLANG_WARN_OBJC_LITERAL_CONVERSION = YES;
				CLANG_WARN_OBJC_ROOT_CLASS = YES_ERROR;
				CLANG_WARN_QUOTED_INCLUDE_IN_FRAMEWORK_HEADER = YES;
				CLANG_WARN_RANGE_LOOP_ANALYSIS = YES;
				CLANG_WARN_STRICT_PROTOTYPES = YES;
				CLANG_WARN_SUSPICIOUS_MOVE = YES;
				CLANG_WARN_UNGUARDED_AVAILABILITY = YES_AGGRESSIVE;
				CLANG_WARN_UNREACHABLE_CODE = YES;
				CLANG_WARN__DUPLICATE_METHOD_MATCH = YES;
				COPY_PHASE_STRIP = NO;
				DEBUG_INFORMATION_FORMAT = dwarf;
				ENABLE_STRICT_OBJC_MSGSEND = YES;
				ENABLE_TESTABILITY = YES;
				GCC_C_LANGUAGE_STANDARD = gnu11;
				GCC_DYNAMIC_NO_PIC = NO;
				GCC_NO_COMMON_BLOCKS = YES;
				GCC_OPTIMIZATION_LEVEL = 0;
				GCC_PREPROCESSOR_DEFINITIONS = (
					"DEBUG=1",
					"$(inherited)",
				);
				GCC_WARN_64_TO_32_BIT_CONVERSION = YES;
				GCC_WARN_ABOUT_RETURN_TYPE = YES_ERROR;
				GCC_WARN_UNDECLARED_SELECTOR = YES;
				GCC_WARN_UNINITIALIZED_AUTOS = YES_AGGRESSIVE;
				GCC_WARN_UNUSED_FUNCTION = YES;
				GCC_WARN_UNUSED_VARIABLE = YES;
				IPHONEOS_DEPLOYMENT_TARGET = 14.1;
				MTL_ENABLE_DEBUG_INFO = INCLUDE_SOURCE;
				MTL_FAST_MATH = YES;
				ONLY_ACTIVE_ARCH = YES;
				SDKROOT = iphoneos;
				SWIFT_ACTIVE_COMPILATION_CONDITIONS = DEBUG;
				SWIFT_OPTIMIZATION_LEVEL = "-Onone";
			};
			name = Debug;
		};
		14F1269A2553C1BA00EDAD76 /* Release */ = {
			isa = XCBuildConfiguration;
			buildSettings = {
				ALWAYS_SEARCH_USER_PATHS = NO;
				CLANG_ANALYZER_NONNULL = YES;
				CLANG_ANALYZER_NUMBER_OBJECT_CONVERSION = YES_AGGRESSIVE;
				CLANG_CXX_LANGUAGE_STANDARD = "gnu++14";
				CLANG_CXX_LIBRARY = "libc++";
				CLANG_ENABLE_MODULES = YES;
				CLANG_ENABLE_OBJC_ARC = YES;
				CLANG_ENABLE_OBJC_WEAK = YES;
				CLANG_WARN_BLOCK_CAPTURE_AUTORELEASING = YES;
				CLANG_WARN_BOOL_CONVERSION = YES;
				CLANG_WARN_COMMA = YES;
				CLANG_WARN_CONSTANT_CONVERSION = YES;
				CLANG_WARN_DEPRECATED_OBJC_IMPLEMENTATIONS = YES;
				CLANG_WARN_DIRECT_OBJC_ISA_USAGE = YES_ERROR;
				CLANG_WARN_DOCUMENTATION_COMMENTS = YES;
				CLANG_WARN_EMPTY_BODY = YES;
				CLANG_WARN_ENUM_CONVERSION = YES;
				CLANG_WARN_INFINITE_RECURSION = YES;
				CLANG_WARN_INT_CONVERSION = YES;
				CLANG_WARN_NON_LITERAL_NULL_CONVERSION = YES;
				CLANG_WARN_OBJC_IMPLICIT_RETAIN_SELF = YES;
				CLANG_WARN_OBJC_LITERAL_CONVERSION = YES;
				CLANG_WARN_OBJC_ROOT_CLASS = YES_ERROR;
				CLANG_WARN_QUOTED_INCLUDE_IN_FRAMEWORK_HEADER = YES;
				CLANG_WARN_RANGE_LOOP_ANALYSIS = YES;
				CLANG_WARN_STRICT_PROTOTYPES = YES;
				CLANG_WARN_SUSPICIOUS_MOVE = YES;
				CLANG_WARN_UNGUARDED_AVAILABILITY = YES_AGGRESSIVE;
				CLANG_WARN_UNREACHABLE_CODE = YES;
				CLANG_WARN__DUPLICATE_METHOD_MATCH = YES;
				COPY_PHASE_STRIP = NO;
				DEBUG_INFORMATION_FORMAT = "dwarf-with-dsym";
				ENABLE_NS_ASSERTIONS = NO;
				ENABLE_STRICT_OBJC_MSGSEND = YES;
				GCC_C_LANGUAGE_STANDARD = gnu11;
				GCC_NO_COMMON_BLOCKS = YES;
				GCC_WARN_64_TO_32_BIT_CONVERSION = YES;
				GCC_WARN_ABOUT_RETURN_TYPE = YES_ERROR;
				GCC_WARN_UNDECLARED_SELECTOR = YES;
				GCC_WARN_UNINITIALIZED_AUTOS = YES_AGGRESSIVE;
				GCC_WARN_UNUSED_FUNCTION = YES;
				GCC_WARN_UNUSED_VARIABLE = YES;
				IPHONEOS_DEPLOYMENT_TARGET = 14.1;
				MTL_ENABLE_DEBUG_INFO = NO;
				MTL_FAST_MATH = YES;
				SDKROOT = iphoneos;
				SWIFT_COMPILATION_MODE = wholemodule;
				SWIFT_OPTIMIZATION_LEVEL = "-O";
				VALIDATE_PRODUCT = YES;
			};
			name = Release;
		};
		14F1269C2553C1BA00EDAD76 /* Debug */ = {
			isa = XCBuildConfiguration;
			buildSettings = {
				ASSETCATALOG_COMPILER_APPICON_NAME = AppIcon;
				ASSETCATALOG_COMPILER_GLOBAL_ACCENT_COLOR_NAME = AccentColor;
				CODE_SIGN_STYLE = Automatic;
				INFOPLIST_FILE = tip/Info.plist;
				LD_RUNPATH_SEARCH_PATHS = (
					"$(inherited)",
					"@executable_path/Frameworks",
				);
				PRODUCT_BUNDLE_IDENTIFIER = Codepath.tip;
				PRODUCT_NAME = "$(TARGET_NAME)";
				SWIFT_VERSION = 5.0;
				TARGETED_DEVICE_FAMILY = "1,2";
			};
			name = Debug;
		};
		14F1269D2553C1BA00EDAD76 /* Release */ = {
			isa = XCBuildConfiguration;
			buildSettings = {
				ASSETCATALOG_COMPILER_APPICON_NAME = AppIcon;
				ASSETCATALOG_COMPILER_GLOBAL_ACCENT_COLOR_NAME = AccentColor;
				CODE_SIGN_STYLE = Automatic;
				INFOPLIST_FILE = tip/Info.plist;
				LD_RUNPATH_SEARCH_PATHS = (
					"$(inherited)",
					"@executable_path/Frameworks",
				);
				PRODUCT_BUNDLE_IDENTIFIER = Codepath.tip;
				PRODUCT_NAME = "$(TARGET_NAME)";
				SWIFT_VERSION = 5.0;
				TARGETED_DEVICE_FAMILY = "1,2";
			};
			name = Release;
		};
		14F1269F2553C1BA00EDAD76 /* Debug */ = {
			isa = XCBuildConfiguration;
			buildSettings = {
				ALWAYS_EMBED_SWIFT_STANDARD_LIBRARIES = YES;
				BUNDLE_LOADER = "$(TEST_HOST)";
				CODE_SIGN_STYLE = Automatic;
				INFOPLIST_FILE = tipTests/Info.plist;
				IPHONEOS_DEPLOYMENT_TARGET = 14.1;
				LD_RUNPATH_SEARCH_PATHS = (
					"$(inherited)",
					"@executable_path/Frameworks",
					"@loader_path/Frameworks",
				);
				PRODUCT_BUNDLE_IDENTIFIER = Codepath.tipTests;
				PRODUCT_NAME = "$(TARGET_NAME)";
				SWIFT_VERSION = 5.0;
				TARGETED_DEVICE_FAMILY = "1,2";
				TEST_HOST = "$(BUILT_PRODUCTS_DIR)/tip.app/tip";
			};
			name = Debug;
		};
		14F126A02553C1BA00EDAD76 /* Release */ = {
			isa = XCBuildConfiguration;
			buildSettings = {
				ALWAYS_EMBED_SWIFT_STANDARD_LIBRARIES = YES;
				BUNDLE_LOADER = "$(TEST_HOST)";
				CODE_SIGN_STYLE = Automatic;
				INFOPLIST_FILE = tipTests/Info.plist;
				IPHONEOS_DEPLOYMENT_TARGET = 14.1;
				LD_RUNPATH_SEARCH_PATHS = (
					"$(inherited)",
					"@executable_path/Frameworks",
					"@loader_path/Frameworks",
				);
				PRODUCT_BUNDLE_IDENTIFIER = Codepath.tipTests;
				PRODUCT_NAME = "$(TARGET_NAME)";
				SWIFT_VERSION = 5.0;
				TARGETED_DEVICE_FAMILY = "1,2";
				TEST_HOST = "$(BUILT_PRODUCTS_DIR)/tip.app/tip";
			};
			name = Release;
		};
		14F126A22553C1BA00EDAD76 /* Debug */ = {
			isa = XCBuildConfiguration;
			buildSettings = {
				ALWAYS_EMBED_SWIFT_STANDARD_LIBRARIES = YES;
				CODE_SIGN_STYLE = Automatic;
				INFOPLIST_FILE = tipUITests/Info.plist;
				LD_RUNPATH_SEARCH_PATHS = (
					"$(inherited)",
					"@executable_path/Frameworks",
					"@loader_path/Frameworks",
				);
				PRODUCT_BUNDLE_IDENTIFIER = Codepath.tipUITests;
				PRODUCT_NAME = "$(TARGET_NAME)";
				SWIFT_VERSION = 5.0;
				TARGETED_DEVICE_FAMILY = "1,2";
				TEST_TARGET_NAME = tip;
			};
			name = Debug;
		};
		14F126A32553C1BA00EDAD76 /* Release */ = {
			isa = XCBuildConfiguration;
			buildSettings = {
				ALWAYS_EMBED_SWIFT_STANDARD_LIBRARIES = YES;
				CODE_SIGN_STYLE = Automatic;
				INFOPLIST_FILE = tipUITests/Info.plist;
				LD_RUNPATH_SEARCH_PATHS = (
					"$(inherited)",
					"@executable_path/Frameworks",
					"@loader_path/Frameworks",
				);
				PRODUCT_BUNDLE_IDENTIFIER = Codepath.tipUITests;
				PRODUCT_NAME = "$(TARGET_NAME)";
				SWIFT_VERSION = 5.0;
				TARGETED_DEVICE_FAMILY = "1,2";
				TEST_TARGET_NAME = tip;
			};
			name = Release;
		};
/* End XCBuildConfiguration section */

/* Begin XCConfigurationList section */
		14F1266C2553C1B800EDAD76 /* Build configuration list for PBXProject "tip" */ = {
			isa = XCConfigurationList;
			buildConfigurations = (
				14F126992553C1BA00EDAD76 /* Debug */,
				14F1269A2553C1BA00EDAD76 /* Release */,
			);
			defaultConfigurationIsVisible = 0;
			defaultConfigurationName = Release;
		};
		14F1269B2553C1BA00EDAD76 /* Build configuration list for PBXNativeTarget "tip" */ = {
			isa = XCConfigurationList;
			buildConfigurations = (
				14F1269C2553C1BA00EDAD76 /* Debug */,
				14F1269D2553C1BA00EDAD76 /* Release */,
			);
			defaultConfigurationIsVisible = 0;
			defaultConfigurationName = Release;
		};
		14F1269E2553C1BA00EDAD76 /* Build configuration list for PBXNativeTarget "tipTests" */ = {
			isa = XCConfigurationList;
			buildConfigurations = (
				14F1269F2553C1BA00EDAD76 /* Debug */,
				14F126A02553C1BA00EDAD76 /* Release */,
			);
			defaultConfigurationIsVisible = 0;
			defaultConfigurationName = Release;
		};
		14F126A12553C1BA00EDAD76 /* Build configuration list for PBXNativeTarget "tipUITests" */ = {
			isa = XCConfigurationList;
			buildConfigurations = (
				14F126A22553C1BA00EDAD76 /* Debug */,
				14F126A32553C1BA00EDAD76 /* Release */,
			);
			defaultConfigurationIsVisible = 0;
			defaultConfigurationName = Release;
		};
/* End XCConfigurationList section */
	};
	rootObject = 14F126692553C1B800EDAD76 /* Project object */;
}
